
Microsoft Visual Studio Solution File, Format Version 12.00
# Visual Studio Version 16
VisualStudioVersion = 16.0.32228.343
MinimumVisualStudioVersion = 10.0.40219.1
Project("{FAE04EC0-301F-11D3-BF4B-00C04F79EFBC}") = "MyPract", "MyPract.csproj", "{5C438339-4B4D-4AAA-AE94-6AD11F281692}"
EndProject
Global
	GlobalSection(SolutionConfigurationPlatforms) = preSolution
		Debug|Any CPU = Debug|Any CPU
		Release|Any CPU = Release|Any CPU
	EndGlobalSection
	GlobalSection(ProjectConfigurationPlatforms) = postSolution
		{5C438339-4B4D-4AAA-AE94-6AD11F281692}.Debug|Any CPU.ActiveCfg = Debug|Any CPU
		{5C438339-4B4D-4AAA-AE94-6AD11F281692}.Debug|Any CPU.Build.0 = Debug|Any CPU
		{5C438339-4B4D-4AAA-AE94-6AD11F281692}.Release|Any CPU.ActiveCfg = Release|Any CPU
		{5C438339-4B4D-4AAA-AE94-6AD11F281692}.Release|Any CPU.Build.0 = Release|Any CPU
	EndGlobalSection
	GlobalSection(SolutionProperties) = preSolution
		HideSolutionNode = FALSE
	EndGlobalSection
	GlobalSection(ExtensibilityGlobals) = postSolution
		SolutionGuid = {7B4EF911-E54A-48C7-85D3-84BB1CFA8DBE}
	EndGlobalSection
EndGlobal
